// !$*UTF8*$!
{
	archiveVersion = 1;
	classes = {
	};
	objectVersion = 55;
	objects = {

/* Begin PBXBuildFile section */
		1B704A3928C0829600B50BFE /* AppDelegate.m in Sources */ = {isa = PBXBuildFile; fileRef = 1B704A3828C0829600B50BFE /* AppDelegate.m */; };
		1B704A3C28C0829600B50BFE /* ViewController.m in Sources */ = {isa = PBXBuildFile; fileRef = 1B704A3B28C0829600B50BFE /* ViewController.m */; };
		1B704A3E28C0829A00B50BFE /* Assets.xcassets in Resources */ = {isa = PBXBuildFile; fileRef = 1B704A3D28C0829A00B50BFE /* Assets.xcassets */; };
		1B704A4128C0829A00B50BFE /* Main.storyboard in Resources */ = {isa = PBXBuildFile; fileRef = 1B704A3F28C0829A00B50BFE /* Main.storyboard */; };
		1B704A4328C0829A00B50BFE /* main.mm in Sources */ = {isa = PBXBuildFile; fileRef = 1B704A4228C0829A00B50BFE /* main.mm */; };
		1BA306F229191D4A00F15B1D /* libjsoncpp.1.9.5.dylib in Frameworks */ = {isa = PBXBuildFile; fileRef = 1BA306F129191D4A00F15B1D /* libjsoncpp.1.9.5.dylib */; };
		1BA306FD291A6FB400F15B1D /* license.md in Resources */ = {isa = PBXBuildFile; fileRef = 1BA306F9291A6FB400F15B1D /* license.md */; };
		1BA306FE291A6FB400F15B1D /* ofxVstHost.cpp in Sources */ = {isa = PBXBuildFile; fileRef = 1BA306FA291A6FB400F15B1D /* ofxVstHost.cpp */; };
		1BA30701291A709300F15B1D /* midievent.cpp in Sources */ = {isa = PBXBuildFile; fileRef = 1BA30700291A709300F15B1D /* midievent.cpp */; };
		1BA30708291A748500F15B1D /* audio.cpp in Sources */ = {isa = PBXBuildFile; fileRef = 1BA30706291A748500F15B1D /* audio.cpp */; };
		1BA30711291A926D00F15B1D /* AudioToolbox.framework in Frameworks */ = {isa = PBXBuildFile; fileRef = 1BA30710291A926D00F15B1D /* AudioToolbox.framework */; };
		1BB40E0E28C1AA8B00734BFC /* MainView.mm in Sources */ = {isa = PBXBuildFile; fileRef = 1BB40E0D28C1AA8B00734BFC /* MainView.mm */; };
		1BB40E1328C3280100734BFC /* keyboard_layout.json in Resources */ = {isa = PBXBuildFile; fileRef = 1BB40E1228C3280100734BFC /* keyboard_layout.json */; };
		1BB40E1628C32AA600734BFC /* config.cpp in Sources */ = {isa = PBXBuildFile; fileRef = 1BB40E1428C32AA600734BFC /* config.cpp */; };
		1BB40E2128CC745200734BFC /* drawcontext.cpp in Sources */ = {isa = PBXBuildFile; fileRef = 1BB40E1F28CC745200734BFC /* drawcontext.cpp */; };
/* End PBXBuildFile section */

/* Begin PBXFileReference section */
		1B704A3728C0829600B50BFE /* AppDelegate.h */ = {isa = PBXFileReference; lastKnownFileType = sourcecode.c.h; path = AppDelegate.h; sourceTree = "<group>"; };
		1B704A3828C0829600B50BFE /* AppDelegate.m */ = {isa = PBXFileReference; lastKnownFileType = sourcecode.c.objc; path = AppDelegate.m; sourceTree = "<group>"; };
		1B704A3A28C0829600B50BFE /* ViewController.h */ = {isa = PBXFileReference; lastKnownFileType = sourcecode.c.h; path = ViewController.h; sourceTree = "<group>"; };
		1B704A3B28C0829600B50BFE /* ViewController.m */ = {isa = PBXFileReference; lastKnownFileType = sourcecode.c.objc; path = ViewController.m; sourceTree = "<group>"; };
		1B704A3D28C0829A00B50BFE /* Assets.xcassets */ = {isa = PBXFileReference; lastKnownFileType = folder.assetcatalog; path = Assets.xcassets; sourceTree = "<group>"; };
		1B704A4028C0829A00B50BFE /* Base */ = {isa = PBXFileReference; lastKnownFileType = file.storyboard; name = Base; path = Base.lproj/Main.storyboard; sourceTree = "<group>"; };
		1B704A4228C0829A00B50BFE /* main.mm */ = {isa = PBXFileReference; lastKnownFileType = sourcecode.cpp.objcpp; path = main.mm; sourceTree = "<group>"; };
		1B704A4428C0829A00B50BFE /* tinypiano.entitlements */ = {isa = PBXFileReference; lastKnownFileType = text.plist.entitlements; path = tinypiano.entitlements; sourceTree = "<group>"; };
		1BA306ED29191B8200F15B1D /* tinypiano.app */ = {isa = PBXFileReference; explicitFileType = wrapper.application; includeInIndex = 0; path = tinypiano.app; sourceTree = BUILT_PRODUCTS_DIR; };
		1BA306F129191D4A00F15B1D /* libjsoncpp.1.9.5.dylib */ = {isa = PBXFileReference; lastKnownFileType = "compiled.mach-o.dylib"; name = libjsoncpp.1.9.5.dylib; path = tinypiano/libjsoncpp.1.9.5.dylib; sourceTree = "<group>"; };
		1BA306F9291A6FB400F15B1D /* license.md */ = {isa = PBXFileReference; fileEncoding = 4; lastKnownFileType = net.daringfireball.markdown; path = license.md; sourceTree = "<group>"; };
		1BA306FA291A6FB400F15B1D /* ofxVstHost.cpp */ = {isa = PBXFileReference; fileEncoding = 4; lastKnownFileType = sourcecode.cpp.cpp; path = ofxVstHost.cpp; sourceTree = "<group>"; };
		1BA306FB291A6FB400F15B1D /* ofxVstHost.h */ = {isa = PBXFileReference; fileEncoding = 4; lastKnownFileType = sourcecode.c.h; path = ofxVstHost.h; sourceTree = "<group>"; };
		1BA306FC291A6FB400F15B1D /* ofxVstHostPluginLoader.h */ = {isa = PBXFileReference; fileEncoding = 4; lastKnownFileType = sourcecode.c.h; path = ofxVstHostPluginLoader.h; sourceTree = "<group>"; };
		1BA30700291A709300F15B1D /* midievent.cpp */ = {isa = PBXFileReference; lastKnownFileType = sourcecode.cpp.cpp; path = midievent.cpp; sourceTree = "<group>"; };
		1BA30706291A748500F15B1D /* audio.cpp */ = {isa = PBXFileReference; lastKnownFileType = sourcecode.cpp.cpp; path = audio.cpp; sourceTree = "<group>"; };
		1BA30707291A748500F15B1D /* audio.hpp */ = {isa = PBXFileReference; lastKnownFileType = sourcecode.cpp.h; path = audio.hpp; sourceTree = "<group>"; };
		1BA3070A291A7BE900F15B1D /* aeffeditor.h */ = {isa = PBXFileReference; fileEncoding = 4; lastKnownFileType = sourcecode.c.h; path = aeffeditor.h; sourceTree = "<group>"; };
		1BA3070B291A7BEA00F15B1D /* audioeffect.h */ = {isa = PBXFileReference; fileEncoding = 4; lastKnownFileType = sourcecode.c.h; path = audioeffect.h; sourceTree = "<group>"; };
		1BA3070C291A7BEA00F15B1D /* audioeffectx.h */ = {isa = PBXFileReference; fileEncoding = 4; lastKnownFileType = sourcecode.c.h; path = audioeffectx.h; sourceTree = "<group>"; };
		1BA3070D291A7CB000F15B1D /* vstfxstore.h */ = {isa = PBXFileReference; fileEncoding = 4; lastKnownFileType = sourcecode.c.h; path = vstfxstore.h; sourceTree = "<group>"; };
		1BA3070E291A7CB000F15B1D /* aeffect.h */ = {isa = PBXFileReference; fileEncoding = 4; lastKnownFileType = sourcecode.c.h; path = aeffect.h; sourceTree = "<group>"; };
		1BA3070F291A7CB000F15B1D /* aeffectx.h */ = {isa = PBXFileReference; fileEncoding = 4; lastKnownFileType = sourcecode.c.h; path = aeffectx.h; sourceTree = "<group>"; };
		1BA30710291A926D00F15B1D /* AudioToolbox.framework */ = {isa = PBXFileReference; lastKnownFileType = wrapper.framework; name = AudioToolbox.framework; path = System/Library/Frameworks/AudioToolbox.framework; sourceTree = SDKROOT; };
		1BB40E0C28C1AA8B00734BFC /* MainView.h */ = {isa = PBXFileReference; lastKnownFileType = sourcecode.c.h; path = MainView.h; sourceTree = "<group>"; };
		1BB40E0D28C1AA8B00734BFC /* MainView.mm */ = {isa = PBXFileReference; lastKnownFileType = sourcecode.cpp.objcpp; path = MainView.mm; sourceTree = "<group>"; };
		1BB40E1228C3280100734BFC /* keyboard_layout.json */ = {isa = PBXFileReference; fileEncoding = 4; lastKnownFileType = text.json; path = keyboard_layout.json; sourceTree = "<group>"; };
		1BB40E1428C32AA600734BFC /* config.cpp */ = {isa = PBXFileReference; lastKnownFileType = sourcecode.cpp.cpp; path = config.cpp; sourceTree = "<group>"; };
		1BB40E1528C32AA600734BFC /* config.hpp */ = {isa = PBXFileReference; lastKnownFileType = sourcecode.cpp.h; path = config.hpp; sourceTree = "<group>"; };
		1BB40E1F28CC745200734BFC /* drawcontext.cpp */ = {isa = PBXFileReference; lastKnownFileType = sourcecode.cpp.cpp; path = drawcontext.cpp; sourceTree = "<group>"; };
		1BB40E2028CC745200734BFC /* drawcontext.hpp */ = {isa = PBXFileReference; lastKnownFileType = sourcecode.cpp.h; path = drawcontext.hpp; sourceTree = "<group>"; };
		1BF164C629288F8D002EB078 /* midievent.hpp */ = {isa = PBXFileReference; fileEncoding = 4; lastKnownFileType = sourcecode.cpp.h; path = midievent.hpp; sourceTree = "<group>"; };
/* End PBXFileReference section */

/* Begin PBXFrameworksBuildPhase section */
		1B704A3128C0829600B50BFE /* Frameworks */ = {
			isa = PBXFrameworksBuildPhase;
			buildActionMask = 2147483647;
			files = (
				1BA30711291A926D00F15B1D /* AudioToolbox.framework in Frameworks */,
				1BA306F229191D4A00F15B1D /* libjsoncpp.1.9.5.dylib in Frameworks */,
			);
			runOnlyForDeploymentPostprocessing = 0;
		};
/* End PBXFrameworksBuildPhase section */

/* Begin PBXGroup section */
		1B704A2B28C0829600B50BFE = {
			isa = PBXGroup;
			children = (
				1B704A3628C0829600B50BFE /* tinypiano */,
				1BB40E1828C5E71E00734BFC /* Frameworks */,
				1BA306ED29191B8200F15B1D /* tinypiano.app */,
			);
			sourceTree = "<group>";
		};
		1B704A3628C0829600B50BFE /* tinypiano */ = {
			isa = PBXGroup;
			children = (
				1BF164C629288F8D002EB078 /* midievent.hpp */,
				1BA30709291A7BCA00F15B1D /* vst */,
				1BA306F6291A6F5800F15B1D /* ofxvsthost */,
				1BB40E0F28C3268600734BFC /* json */,
				1B704A3728C0829600B50BFE /* AppDelegate.h */,
				1B704A3828C0829600B50BFE /* AppDelegate.m */,
				1B704A3A28C0829600B50BFE /* ViewController.h */,
				1B704A3B28C0829600B50BFE /* ViewController.m */,
				1B704A3D28C0829A00B50BFE /* Assets.xcassets */,
				1B704A3F28C0829A00B50BFE /* Main.storyboard */,
				1B704A4228C0829A00B50BFE /* main.mm */,
				1B704A4428C0829A00B50BFE /* tinypiano.entitlements */,
				1BB40E0C28C1AA8B00734BFC /* MainView.h */,
				1BB40E0D28C1AA8B00734BFC /* MainView.mm */,
				1BB40E1428C32AA600734BFC /* config.cpp */,
				1BB40E1528C32AA600734BFC /* config.hpp */,
				1BB40E1F28CC745200734BFC /* drawcontext.cpp */,
				1BB40E2028CC745200734BFC /* drawcontext.hpp */,
				1BA30700291A709300F15B1D /* midievent.cpp */,
				1BA30706291A748500F15B1D /* audio.cpp */,
				1BA30707291A748500F15B1D /* audio.hpp */,
			);
			path = tinypiano;
			sourceTree = "<group>";
		};
		1BA306F6291A6F5800F15B1D /* ofxvsthost */ = {
			isa = PBXGroup;
			children = (
				1BA306F9291A6FB400F15B1D /* license.md */,
				1BA306FA291A6FB400F15B1D /* ofxVstHost.cpp */,
				1BA306FB291A6FB400F15B1D /* ofxVstHost.h */,
				1BA306FC291A6FB400F15B1D /* ofxVstHostPluginLoader.h */,
			);
			path = ofxvsthost;
			sourceTree = "<group>";
		};
		1BA30709291A7BCA00F15B1D /* vst */ = {
			isa = PBXGroup;
			children = (
				1BA3070E291A7CB000F15B1D /* aeffect.h */,
				1BA3070F291A7CB000F15B1D /* aeffectx.h */,
				1BA3070D291A7CB000F15B1D /* vstfxstore.h */,
				1BA3070A291A7BE900F15B1D /* aeffeditor.h */,
				1BA3070B291A7BEA00F15B1D /* audioeffect.h */,
				1BA3070C291A7BEA00F15B1D /* audioeffectx.h */,
			);
			path = vst;
			sourceTree = "<group>";
		};
		1BB40E0F28C3268600734BFC /* json */ = {
			isa = PBXGroup;
			children = (
				1BB40E1228C3280100734BFC /* keyboard_layout.json */,
			);
			path = json;
			sourceTree = "<group>";
		};
		1BB40E1828C5E71E00734BFC /* Frameworks */ = {
			isa = PBXGroup;
			children = (
				1BA30710291A926D00F15B1D /* AudioToolbox.framework */,
				1BA306F129191D4A00F15B1D /* libjsoncpp.1.9.5.dylib */,
			);
			name = Frameworks;
			sourceTree = "<group>";
		};
/* End PBXGroup section */

/* Begin PBXNativeTarget section */
		1B704A3328C0829600B50BFE /* tinypiano */ = {
			isa = PBXNativeTarget;
			buildConfigurationList = 1B704A4728C0829A00B50BFE /* Build configuration list for PBXNativeTarget "tinypiano" */;
			buildPhases = (
				1B704A3028C0829600B50BFE /* Sources */,
				1B704A3128C0829600B50BFE /* Frameworks */,
				1B704A3228C0829600B50BFE /* Resources */,
			);
			buildRules = (
			);
			dependencies = (
			);
			name = tinypiano;
			productName = tinypiano;
			productReference = 1BA306ED29191B8200F15B1D /* tinypiano.app */;
			productType = "com.apple.product-type.application";
		};
/* End PBXNativeTarget section */

/* Begin PBXProject section */
		1B704A2C28C0829600B50BFE /* Project object */ = {
			isa = PBXProject;
			attributes = {
				BuildIndependentTargetsInParallel = 1;
				LastUpgradeCheck = 1320;
				TargetAttributes = {
					1B704A3328C0829600B50BFE = {
						CreatedOnToolsVersion = 13.2.1;
					};
				};
			};
			buildConfigurationList = 1B704A2F28C0829600B50BFE /* Build configuration list for PBXProject "tinypiano" */;
			compatibilityVersion = "Xcode 13.0";
			developmentRegion = en;
			hasScannedForEncodings = 0;
			knownRegions = (
				en,
				Base,
			);
			mainGroup = 1B704A2B28C0829600B50BFE;
			productRefGroup = 1B704A2B28C0829600B50BFE;
			projectDirPath = "";
			projectRoot = "";
			targets = (
				1B704A3328C0829600B50BFE /* tinypiano */,
			);
		};
/* End PBXProject section */

/* Begin PBXResourcesBuildPhase section */
		1B704A3228C0829600B50BFE /* Resources */ = {
			isa = PBXResourcesBuildPhase;
			buildActionMask = 2147483647;
			files = (
				1BA306FD291A6FB400F15B1D /* license.md in Resources */,
				1BB40E1328C3280100734BFC /* keyboard_layout.json in Resources */,
				1B704A3E28C0829A00B50BFE /* Assets.xcassets in Resources */,
				1B704A4128C0829A00B50BFE /* Main.storyboard in Resources */,
			);
			runOnlyForDeploymentPostprocessing = 0;
		};
/* End PBXResourcesBuildPhase section */

/* Begin PBXSourcesBuildPhase section */
		1B704A3028C0829600B50BFE /* Sources */ = {
			isa = PBXSourcesBuildPhase;
			buildActionMask = 2147483647;
			files = (
				1BA306FE291A6FB400F15B1D /* ofxVstHost.cpp in Sources */,
				1B704A3C28C0829600B50BFE /* ViewController.m in Sources */,
				1BB40E0E28C1AA8B00734BFC /* MainView.mm in Sources */,
				1BA30701291A709300F15B1D /* midievent.cpp in Sources */,
				1BA30708291A748500F15B1D /* audio.cpp in Sources */,
				1B704A4328C0829A00B50BFE /* main.mm in Sources */,
				1B704A3928C0829600B50BFE /* AppDelegate.m in Sources */,
				1BB40E1628C32AA600734BFC /* config.cpp in Sources */,
				1BB40E2128CC745200734BFC /* drawcontext.cpp in Sources */,
			);
			runOnlyForDeploymentPostprocessing = 0;
		};
/* End PBXSourcesBuildPhase section */

/* Begin PBXVariantGroup section */
		1B704A3F28C0829A00B50BFE /* Main.storyboard */ = {
			isa = PBXVariantGroup;
			children = (
				1B704A4028C0829A00B50BFE /* Base */,
			);
			name = Main.storyboard;
			sourceTree = "<group>";
		};
/* End PBXVariantGroup section */

/* Begin XCBuildConfiguration section */
		1B704A4528C0829A00B50BFE /* Debug */ = {
			isa = XCBuildConfiguration;
			buildSettings = {
				ALWAYS_SEARCH_USER_PATHS = NO;
				CLANG_ANALYZER_NONNULL = YES;
				CLANG_ANALYZER_NUMBER_OBJECT_CONVERSION = YES_AGGRESSIVE;
				CLANG_CXX_LANGUAGE_STANDARD = "gnu++17";
				CLANG_CXX_LIBRARY = "libc++";
				CLANG_ENABLE_MODULES = YES;
				CLANG_ENABLE_OBJC_ARC = YES;
				CLANG_ENABLE_OBJC_WEAK = YES;
				CLANG_WARN_BLOCK_CAPTURE_AUTORELEASING = YES;
				CLANG_WARN_BOOL_CONVERSION = YES;
				CLANG_WARN_COMMA = YES;
				CLANG_WARN_CONSTANT_CONVERSION = YES;
				CLANG_WARN_DEPRECATED_OBJC_IMPLEMENTATIONS = YES;
				CLANG_WARN_DIRECT_OBJC_ISA_USAGE = YES_ERROR;
				CLANG_WARN_DOCUMENTATION_COMMENTS = YES;
				CLANG_WARN_EMPTY_BODY = YES;
				CLANG_WARN_ENUM_CONVERSION = YES;
				CLANG_WARN_INFINITE_RECURSION = YES;
				CLANG_WARN_INT_CONVERSION = YES;
				CLANG_WARN_NON_LITERAL_NULL_CONVERSION = YES;
				CLANG_WARN_OBJC_IMPLICIT_RETAIN_SELF = YES;
				CLANG_WARN_OBJC_LITERAL_CONVERSION = YES;
				CLANG_WARN_OBJC_ROOT_CLASS = YES_ERROR;
				CLANG_WARN_QUOTED_INCLUDE_IN_FRAMEWORK_HEADER = YES;
				CLANG_WARN_RANGE_LOOP_ANALYSIS = YES;
				CLANG_WARN_STRICT_PROTOTYPES = YES;
				CLANG_WARN_SUSPICIOUS_MOVE = YES;
				CLANG_WARN_UNGUARDED_AVAILABILITY = YES_AGGRESSIVE;
				CLANG_WARN_UNREACHABLE_CODE = YES;
				CLANG_WARN__DUPLICATE_METHOD_MATCH = YES;
				COPY_PHASE_STRIP = NO;
				DEBUG_INFORMATION_FORMAT = dwarf;
				ENABLE_STRICT_OBJC_MSGSEND = YES;
				ENABLE_TESTABILITY = YES;
				GCC_C_LANGUAGE_STANDARD = gnu11;
				GCC_DYNAMIC_NO_PIC = NO;
				GCC_NO_COMMON_BLOCKS = YES;
				GCC_OPTIMIZATION_LEVEL = 0;
				GCC_PREPROCESSOR_DEFINITIONS = (
					"DEBUG=1",
					"$(inherited)",
				);
				GCC_WARN_64_TO_32_BIT_CONVERSION = YES;
				GCC_WARN_ABOUT_RETURN_TYPE = YES_ERROR;
				GCC_WARN_UNDECLARED_SELECTOR = YES;
				GCC_WARN_UNINITIALIZED_AUTOS = YES_AGGRESSIVE;
				GCC_WARN_UNUSED_FUNCTION = YES;
				GCC_WARN_UNUSED_VARIABLE = YES;
				HEADER_SEARCH_PATHS = /usr/local/include;
				LIBRARY_SEARCH_PATHS = /usr/local/lib;
				MACOSX_DEPLOYMENT_TARGET = 11.5;
				MTL_ENABLE_DEBUG_INFO = INCLUDE_SOURCE;
				MTL_FAST_MATH = YES;
				ONLY_ACTIVE_ARCH = YES;
				SDKROOT = macosx;
			};
			name = Debug;
		};
		1B704A4628C0829A00B50BFE /* Release */ = {
			isa = XCBuildConfiguration;
			buildSettings = {
				ALWAYS_SEARCH_USER_PATHS = NO;
				CLANG_ANALYZER_NONNULL = YES;
				CLANG_ANALYZER_NUMBER_OBJECT_CONVERSION = YES_AGGRESSIVE;
				CLANG_CXX_LANGUAGE_STANDARD = "gnu++17";
				CLANG_CXX_LIBRARY = "libc++";
				CLANG_ENABLE_MODULES = YES;
				CLANG_ENABLE_OBJC_ARC = YES;
				CLANG_ENABLE_OBJC_WEAK = YES;
				CLANG_WARN_BLOCK_CAPTURE_AUTORELEASING = YES;
				CLANG_WARN_BOOL_CONVERSION = YES;
				CLANG_WARN_COMMA = YES;
				CLANG_WARN_CONSTANT_CONVERSION = YES;
				CLANG_WARN_DEPRECATED_OBJC_IMPLEMENTATIONS = YES;
				CLANG_WARN_DIRECT_OBJC_ISA_USAGE = YES_ERROR;
				CLANG_WARN_DOCUMENTATION_COMMENTS = YES;
				CLANG_WARN_EMPTY_BODY = YES;
				CLANG_WARN_ENUM_CONVERSION = YES;
				CLANG_WARN_INFINITE_RECURSION = YES;
				CLANG_WARN_INT_CONVERSION = YES;
				CLANG_WARN_NON_LITERAL_NULL_CONVERSION = YES;
				CLANG_WARN_OBJC_IMPLICIT_RETAIN_SELF = YES;
				CLANG_WARN_OBJC_LITERAL_CONVERSION = YES;
				CLANG_WARN_OBJC_ROOT_CLASS = YES_ERROR;
				CLANG_WARN_QUOTED_INCLUDE_IN_FRAMEWORK_HEADER = YES;
				CLANG_WARN_RANGE_LOOP_ANALYSIS = YES;
				CLANG_WARN_STRICT_PROTOTYPES = YES;
				CLANG_WARN_SUSPICIOUS_MOVE = YES;
				CLANG_WARN_UNGUARDED_AVAILABILITY = YES_AGGRESSIVE;
				CLANG_WARN_UNREACHABLE_CODE = YES;
				CLANG_WARN__DUPLICATE_METHOD_MATCH = YES;
				COPY_PHASE_STRIP = NO;
				DEBUG_INFORMATION_FORMAT = "dwarf-with-dsym";
				ENABLE_NS_ASSERTIONS = NO;
				ENABLE_STRICT_OBJC_MSGSEND = YES;
				GCC_C_LANGUAGE_STANDARD = gnu11;
				GCC_NO_COMMON_BLOCKS = YES;
				GCC_WARN_64_TO_32_BIT_CONVERSION = YES;
				GCC_WARN_ABOUT_RETURN_TYPE = YES_ERROR;
				GCC_WARN_UNDECLARED_SELECTOR = YES;
				GCC_WARN_UNINITIALIZED_AUTOS = YES_AGGRESSIVE;
				GCC_WARN_UNUSED_FUNCTION = YES;
				GCC_WARN_UNUSED_VARIABLE = YES;
				HEADER_SEARCH_PATHS = /usr/local/include;
				LIBRARY_SEARCH_PATHS = /usr/local/lib;
				MACOSX_DEPLOYMENT_TARGET = 11.5;
				MTL_ENABLE_DEBUG_INFO = NO;
				MTL_FAST_MATH = YES;
				SDKROOT = macosx;
			};
			name = Release;
		};
		1B704A4828C0829A00B50BFE /* Debug */ = {
			isa = XCBuildConfiguration;
			buildSettings = {
				ASSETCATALOG_COMPILER_APPICON_NAME = AppIcon;
				ASSETCATALOG_COMPILER_GLOBAL_ACCENT_COLOR_NAME = AccentColor;
				CLANG_CXX_LANGUAGE_STANDARD = "c++17";
				CLANG_CXX_LIBRARY = "libc++";
				CODE_SIGN_ENTITLEMENTS = tinypiano/tinypiano.entitlements;
				CODE_SIGN_IDENTITY = "Apple Development";
				CODE_SIGN_STYLE = Automatic;
				COMBINE_HIDPI_IMAGES = YES;
				CURRENT_PROJECT_VERSION = 1;
				DEVELOPMENT_TEAM = N6N754UA8C;
				ENABLE_HARDENED_RUNTIME = YES;
				GENERATE_INFOPLIST_FILE = YES;
				INFOPLIST_KEY_NSHumanReadableCopyright = "";
				INFOPLIST_KEY_NSMainStoryboardFile = Main;
				INFOPLIST_KEY_NSPrincipalClass = NSApplication;
				LD_RUNPATH_SEARCH_PATHS = (
					"$(inherited)",
					"@executable_path/../Frameworks",
				);
				LIBRARY_SEARCH_PATHS = "$(PROJECT_DIR)/tinypiano";
				MACOSX_DEPLOYMENT_TARGET = 11.5;
				MARKETING_VERSION = 1.0;
				PRODUCT_BUNDLE_IDENTIFIER = luo.tinypiano;
				PRODUCT_NAME = "$(TARGET_NAME)";
				PROVISIONING_PROFILE_SPECIFIER = "";
				SWIFT_EMIT_LOC_STRINGS = YES;
			};
			name = Debug;
		};
		1B704A4928C0829A00B50BFE /* Release */ = {
			isa = XCBuildConfiguration;
			buildSettings = {
				ASSETCATALOG_COMPILER_APPICON_NAME = AppIcon;
				ASSETCATALOG_COMPILER_GLOBAL_ACCENT_COLOR_NAME = AccentColor;
				CLANG_CXX_LANGUAGE_STANDARD = "c++17";
				CLANG_CXX_LIBRARY = "libc++";
				CODE_SIGN_ENTITLEMENTS = tinypiano/tinypiano.entitlements;
				CODE_SIGN_IDENTITY = "Apple Development";
				CODE_SIGN_STYLE = Automatic;
				COMBINE_HIDPI_IMAGES = YES;
				CURRENT_PROJECT_VERSION = 1;
				DEVELOPMENT_TEAM = N6N754UA8C;
				ENABLE_HARDENED_RUNTIME = YES;
				GENERATE_INFOPLIST_FILE = YES;
				INFOPLIST_KEY_NSHumanReadableCopyright = "";
				INFOPLIST_KEY_NSMainStoryboardFile = Main;
				INFOPLIST_KEY_NSPrincipalClass = NSApplication;
				LD_RUNPATH_SEARCH_PATHS = (
					"$(inherited)",
					"@executable_path/../Frameworks",
				);
				LIBRARY_SEARCH_PATHS = "$(PROJECT_DIR)/tinypiano";
				MACOSX_DEPLOYMENT_TARGET = 11.5;
				MARKETING_VERSION = 1.0;
				PRODUCT_BUNDLE_IDENTIFIER = luo.tinypiano;
				PRODUCT_NAME = "$(TARGET_NAME)";
				PROVISIONING_PROFILE_SPECIFIER = "";
				SWIFT_EMIT_LOC_STRINGS = YES;
			};
			name = Release;
		};
/* End XCBuildConfiguration section */

/* Begin XCConfigurationList section */
		1B704A2F28C0829600B50BFE /* Build configuration list for PBXProject "tinypiano" */ = {
			isa = XCConfigurationList;
			buildConfigurations = (
				1B704A4528C0829A00B50BFE /* Debug */,
				1B704A4628C0829A00B50BFE /* Release */,
			);
			defaultConfigurationIsVisible = 0;
			defaultConfigurationName = Release;
		};
		1B704A4728C0829A00B50BFE /* Build configuration list for PBXNativeTarget "tinypiano" */ = {
			isa = XCConfigurationList;
			buildConfigurations = (
				1B704A4828C0829A00B50BFE /* Debug */,
				1B704A4928C0829A00B50BFE /* Release */,
			);
			defaultConfigurationIsVisible = 0;
			defaultConfigurationName = Release;
		};
/* End XCConfigurationList section */
	};
	rootObject = 1B704A2C28C0829600B50BFE /* Project object */;
}
